// !$*UTF8*$!
{
	archiveVersion = 1;
	classes = {
	};
	objectVersion = 77;
	objects = {

/* Begin PBXBuildFile section */
		D0BC19032D49626F0046E17F /* Kingfisher in Frameworks */ = {isa = PBXBuildFile; productRef = D0BC19022D49626F0046E17F /* Kingfisher */; };
		D0BC191D2D496FDA0046E17F /* entitelment.xml in Resources */ = {isa = PBXBuildFile; fileRef = D0BC191C2D496FD10046E17F /* entitelment.xml */; };
		D0BC191F2D4971040046E17F /* info.plist in Resources */ = {isa = PBXBuildFile; fileRef = D0BC191E2D4970FE0046E17F /* info.plist */; };
/* End PBXBuildFile section */

/* Begin PBXContainerItemProxy section */
		D0BC18A32D4809070046E17F /* PBXContainerItemProxy */ = {
			isa = PBXContainerItemProxy;
			containerPortal = D0BC188A2D4809050046E17F /* Project object */;
			proxyType = 1;
			remoteGlobalIDString = D0BC18912D4809050046E17F;
			remoteInfo = CoinRanking;
		};
		D0BC18AD2D4809070046E17F /* PBXContainerItemProxy */ = {
			isa = PBXContainerItemProxy;
			containerPortal = D0BC188A2D4809050046E17F /* Project object */;
			proxyType = 1;
			remoteGlobalIDString = D0BC18912D4809050046E17F;
			remoteInfo = CoinRanking;
		};
/* End PBXContainerItemProxy section */

/* Begin PBXFileReference section */
		D0BC18922D4809050046E17F /* CoinRanking.app */ = {isa = PBXFileReference; explicitFileType = wrapper.application; includeInIndex = 0; path = CoinRanking.app; sourceTree = BUILT_PRODUCTS_DIR; };
		D0BC18A22D4809070046E17F /* CoinRankingTests.xctest */ = {isa = PBXFileReference; explicitFileType = wrapper.cfbundle; includeInIndex = 0; path = CoinRankingTests.xctest; sourceTree = BUILT_PRODUCTS_DIR; };
		D0BC18AC2D4809070046E17F /* CoinRankingUITests.xctest */ = {isa = PBXFileReference; explicitFileType = wrapper.cfbundle; includeInIndex = 0; path = CoinRankingUITests.xctest; sourceTree = BUILT_PRODUCTS_DIR; };
		D0BC191C2D496FD10046E17F /* entitelment.xml */ = {isa = PBXFileReference; lastKnownFileType = text.xml; path = entitelment.xml; sourceTree = "<group>"; };
		D0BC191E2D4970FE0046E17F /* info.plist */ = {isa = PBXFileReference; lastKnownFileType = text.plist; path = info.plist; sourceTree = "<group>"; };
/* End PBXFileReference section */

/* Begin PBXFileSystemSynchronizedRootGroup section */
		D0BC18942D4809050046E17F /* CoinRanking */ = {
			isa = PBXFileSystemSynchronizedRootGroup;
			path = CoinRanking;
			sourceTree = "<group>";
		};
		D0BC18A52D4809070046E17F /* CoinRankingTests */ = {
			isa = PBXFileSystemSynchronizedRootGroup;
			path = CoinRankingTests;
			sourceTree = "<group>";
		};
		D0BC18AF2D4809070046E17F /* CoinRankingUITests */ = {
			isa = PBXFileSystemSynchronizedRootGroup;
			path = CoinRankingUITests;
			sourceTree = "<group>";
		};
/* End PBXFileSystemSynchronizedRootGroup section */

/* Begin PBXFrameworksBuildPhase section */
		D0BC188F2D4809050046E17F /* Frameworks */ = {
			isa = PBXFrameworksBuildPhase;
			buildActionMask = 2147483647;
			files = (
				D0BC19032D49626F0046E17F /* Kingfisher in Frameworks */,
			);
			runOnlyForDeploymentPostprocessing = 0;
		};
		D0BC189F2D4809070046E17F /* Frameworks */ = {
			isa = PBXFrameworksBuildPhase;
			buildActionMask = 2147483647;
			files = (
			);
			runOnlyForDeploymentPostprocessing = 0;
		};
		D0BC18A92D4809070046E17F /* Frameworks */ = {
			isa = PBXFrameworksBuildPhase;
			buildActionMask = 2147483647;
			files = (
			);
			runOnlyForDeploymentPostprocessing = 0;
		};
/* End PBXFrameworksBuildPhase section */

/* Begin PBXGroup section */
		D0BC18892D4809050046E17F = {
			isa = PBXGroup;
			children = (
				D0BC191E2D4970FE0046E17F /* info.plist */,
				D0BC191C2D496FD10046E17F /* entitelment.xml */,
				D0BC18942D4809050046E17F /* CoinRanking */,
				D0BC18A52D4809070046E17F /* CoinRankingTests */,
				D0BC18AF2D4809070046E17F /* CoinRankingUITests */,
				D0BC18932D4809050046E17F /* Products */,
			);
			sourceTree = "<group>";
		};
		D0BC18932D4809050046E17F /* Products */ = {
			isa = PBXGroup;
			children = (
				D0BC18922D4809050046E17F /* CoinRanking.app */,
				D0BC18A22D4809070046E17F /* CoinRankingTests.xctest */,
				D0BC18AC2D4809070046E17F /* CoinRankingUITests.xctest */,
			);
			name = Products;
			sourceTree = "<group>";
		};
/* End PBXGroup section */

/* Begin PBXNativeTarget section */
		D0BC18912D4809050046E17F /* CoinRanking */ = {
			isa = PBXNativeTarget;
			buildConfigurationList = D0BC18B62D4809070046E17F /* Build configuration list for PBXNativeTarget "CoinRanking" */;
			buildPhases = (
				D0BC188E2D4809050046E17F /* Sources */,
				D0BC188F2D4809050046E17F /* Frameworks */,
				D0BC18902D4809050046E17F /* Resources */,
			);
			buildRules = (
			);
			dependencies = (
			);
			fileSystemSynchronizedGroups = (
				D0BC18942D4809050046E17F /* CoinRanking */,
			);
			name = CoinRanking;
			packageProductDependencies = (
				D0BC19022D49626F0046E17F /* Kingfisher */,
			);
			productName = CoinRanking;
			productReference = D0BC18922D4809050046E17F /* CoinRanking.app */;
			productType = "com.apple.product-type.application";
		};
		D0BC18A12D4809070046E17F /* CoinRankingTests */ = {
			isa = PBXNativeTarget;
			buildConfigurationList = D0BC18B92D4809070046E17F /* Build configuration list for PBXNativeTarget "CoinRankingTests" */;
			buildPhases = (
				D0BC189E2D4809070046E17F /* Sources */,
				D0BC189F2D4809070046E17F /* Frameworks */,
				D0BC18A02D4809070046E17F /* Resources */,
			);
			buildRules = (
			);
			dependencies = (
				D0BC18A42D4809070046E17F /* PBXTargetDependency */,
			);
			fileSystemSynchronizedGroups = (
				D0BC18A52D4809070046E17F /* CoinRankingTests */,
			);
			name = CoinRankingTests;
			packageProductDependencies = (
			);
			productName = CoinRankingTests;
			productReference = D0BC18A22D4809070046E17F /* CoinRankingTests.xctest */;
			productType = "com.apple.product-type.bundle.unit-test";
		};
		D0BC18AB2D4809070046E17F /* CoinRankingUITests */ = {
			isa = PBXNativeTarget;
			buildConfigurationList = D0BC18BC2D4809070046E17F /* Build configuration list for PBXNativeTarget "CoinRankingUITests" */;
			buildPhases = (
				D0BC18A82D4809070046E17F /* Sources */,
				D0BC18A92D4809070046E17F /* Frameworks */,
				D0BC18AA2D4809070046E17F /* Resources */,
			);
			buildRules = (
			);
			dependencies = (
				D0BC18AE2D4809070046E17F /* PBXTargetDependency */,
			);
			fileSystemSynchronizedGroups = (
				D0BC18AF2D4809070046E17F /* CoinRankingUITests */,
			);
			name = CoinRankingUITests;
			packageProductDependencies = (
			);
			productName = CoinRankingUITests;
			productReference = D0BC18AC2D4809070046E17F /* CoinRankingUITests.xctest */;
			productType = "com.apple.product-type.bundle.ui-testing";
		};
/* End PBXNativeTarget section */

/* Begin PBXProject section */
		D0BC188A2D4809050046E17F /* Project object */ = {
			isa = PBXProject;
			attributes = {
				BuildIndependentTargetsInParallel = 1;
				LastSwiftUpdateCheck = 1620;
				LastUpgradeCheck = 1620;
				TargetAttributes = {
					D0BC18912D4809050046E17F = {
						CreatedOnToolsVersion = 16.2;
					};
					D0BC18A12D4809070046E17F = {
						CreatedOnToolsVersion = 16.2;
						TestTargetID = D0BC18912D4809050046E17F;
					};
					D0BC18AB2D4809070046E17F = {
						CreatedOnToolsVersion = 16.2;
						TestTargetID = D0BC18912D4809050046E17F;
					};
				};
			};
			buildConfigurationList = D0BC188D2D4809050046E17F /* Build configuration list for PBXProject "CoinRanking" */;
			developmentRegion = en;
			hasScannedForEncodings = 0;
			knownRegions = (
				en,
				Base,
			);
			mainGroup = D0BC18892D4809050046E17F;
			minimizedProjectReferenceProxies = 1;
			packageReferences = (
				D0BC19012D49626F0046E17F /* XCRemoteSwiftPackageReference "Kingfisher" */,
			);
			preferredProjectObjectVersion = 77;
			productRefGroup = D0BC18932D4809050046E17F /* Products */;
			projectDirPath = "";
			projectRoot = "";
			targets = (
				D0BC18912D4809050046E17F /* CoinRanking */,
				D0BC18A12D4809070046E17F /* CoinRankingTests */,
				D0BC18AB2D4809070046E17F /* CoinRankingUITests */,
			);
		};
/* End PBXProject section */

/* Begin PBXResourcesBuildPhase section */
		D0BC18902D4809050046E17F /* Resources */ = {
			isa = PBXResourcesBuildPhase;
			buildActionMask = 2147483647;
			files = (
				D0BC191F2D4971040046E17F /* info.plist in Resources */,
				D0BC191D2D496FDA0046E17F /* entitelment.xml in Resources */,
			);
			runOnlyForDeploymentPostprocessing = 0;
		};
		D0BC18A02D4809070046E17F /* Resources */ = {
			isa = PBXResourcesBuildPhase;
			buildActionMask = 2147483647;
			files = (
			);
			runOnlyForDeploymentPostprocessing = 0;
		};
		D0BC18AA2D4809070046E17F /* Resources */ = {
			isa = PBXResourcesBuildPhase;
			buildActionMask = 2147483647;
			files = (
			);
			runOnlyForDeploymentPostprocessing = 0;
		};
/* End PBXResourcesBuildPhase section */

/* Begin PBXSourcesBuildPhase section */
		D0BC188E2D4809050046E17F /* Sources */ = {
			isa = PBXSourcesBuildPhase;
			buildActionMask = 2147483647;
			files = (
			);
			runOnlyForDeploymentPostprocessing = 0;
		};
		D0BC189E2D4809070046E17F /* Sources */ = {
			isa = PBXSourcesBuildPhase;
			buildActionMask = 2147483647;
			files = (
			);
			runOnlyForDeploymentPostprocessing = 0;
		};
		D0BC18A82D4809070046E17F /* Sources */ = {
			isa = PBXSourcesBuildPhase;
			buildActionMask = 2147483647;
			files = (
			);
			runOnlyForDeploymentPostprocessing = 0;
		};
/* End PBXSourcesBuildPhase section */

/* Begin PBXTargetDependency section */
		D0BC18A42D4809070046E17F /* PBXTargetDependency */ = {
			isa = PBXTargetDependency;
			target = D0BC18912D4809050046E17F /* CoinRanking */;
			targetProxy = D0BC18A32D4809070046E17F /* PBXContainerItemProxy */;
		};
		D0BC18AE2D4809070046E17F /* PBXTargetDependency */ = {
			isa = PBXTargetDependency;
			target = D0BC18912D4809050046E17F /* CoinRanking */;
			targetProxy = D0BC18AD2D4809070046E17F /* PBXContainerItemProxy */;
		};
/* End PBXTargetDependency section */

/* Begin XCBuildConfiguration section */
		D0BC18B42D4809070046E17F /* Debug */ = {
			isa = XCBuildConfiguration;
			buildSettings = {
				ALWAYS_SEARCH_USER_PATHS = NO;
				ASSETCATALOG_COMPILER_GENERATE_SWIFT_ASSET_SYMBOL_EXTENSIONS = YES;
				CLANG_ANALYZER_NONNULL = YES;
				CLANG_ANALYZER_NUMBER_OBJECT_CONVERSION = YES_AGGRESSIVE;
				CLANG_CXX_LANGUAGE_STANDARD = "gnu++20";
				CLANG_ENABLE_MODULES = YES;
				CLANG_ENABLE_OBJC_ARC = YES;
				CLANG_ENABLE_OBJC_WEAK = YES;
				CLANG_WARN_BLOCK_CAPTURE_AUTORELEASING = YES;
				CLANG_WARN_BOOL_CONVERSION = YES;
				CLANG_WARN_COMMA = YES;
				CLANG_WARN_CONSTANT_CONVERSION = YES;
				CLANG_WARN_DEPRECATED_OBJC_IMPLEMENTATIONS = YES;
				CLANG_WARN_DIRECT_OBJC_ISA_USAGE = YES_ERROR;
				CLANG_WARN_DOCUMENTATION_COMMENTS = YES;
				CLANG_WARN_EMPTY_BODY = YES;
				CLANG_WARN_ENUM_CONVERSION = YES;
				CLANG_WARN_INFINITE_RECURSION = YES;
				CLANG_WARN_INT_CONVERSION = YES;
				CLANG_WARN_NON_LITERAL_NULL_CONVERSION = YES;
				CLANG_WARN_OBJC_IMPLICIT_RETAIN_SELF = YES;
				CLANG_WARN_OBJC_LITERAL_CONVERSION = YES;
				CLANG_WARN_OBJC_ROOT_CLASS = YES_ERROR;
				CLANG_WARN_QUOTED_INCLUDE_IN_FRAMEWORK_HEADER = YES;
				CLANG_WARN_RANGE_LOOP_ANALYSIS = YES;
				CLANG_WARN_STRICT_PROTOTYPES = YES;
				CLANG_WARN_SUSPICIOUS_MOVE = YES;
				CLANG_WARN_UNGUARDED_AVAILABILITY = YES_AGGRESSIVE;
				CLANG_WARN_UNREACHABLE_CODE = YES;
				CLANG_WARN__DUPLICATE_METHOD_MATCH = YES;
				COPY_PHASE_STRIP = NO;
				DEBUG_INFORMATION_FORMAT = dwarf;
				ENABLE_STRICT_OBJC_MSGSEND = YES;
				ENABLE_TESTABILITY = YES;
				ENABLE_USER_SCRIPT_SANDBOXING = YES;
				GCC_C_LANGUAGE_STANDARD = gnu17;
				GCC_DYNAMIC_NO_PIC = NO;
				GCC_NO_COMMON_BLOCKS = YES;
				GCC_OPTIMIZATION_LEVEL = 0;
				GCC_PREPROCESSOR_DEFINITIONS = (
					"DEBUG=1",
					"$(inherited)",
				);
				GCC_WARN_64_TO_32_BIT_CONVERSION = YES;
				GCC_WARN_ABOUT_RETURN_TYPE = YES_ERROR;
				GCC_WARN_UNDECLARED_SELECTOR = YES;
				GCC_WARN_UNINITIALIZED_AUTOS = YES_AGGRESSIVE;
				GCC_WARN_UNUSED_FUNCTION = YES;
				GCC_WARN_UNUSED_VARIABLE = YES;
				IPHONEOS_DEPLOYMENT_TARGET = 18.2;
				LOCALIZATION_PREFERS_STRING_CATALOGS = YES;
				MTL_ENABLE_DEBUG_INFO = INCLUDE_SOURCE;
				MTL_FAST_MATH = YES;
				ONLY_ACTIVE_ARCH = YES;
				SDKROOT = iphoneos;
				SWIFT_ACTIVE_COMPILATION_CONDITIONS = "DEBUG $(inherited)";
				SWIFT_OPTIMIZATION_LEVEL = "-Onone";
			};
			name = Debug;
		};
		D0BC18B52D4809070046E17F /* Release */ = {
			isa = XCBuildConfiguration;
			buildSettings = {
				ALWAYS_SEARCH_USER_PATHS = NO;
				ASSETCATALOG_COMPILER_GENERATE_SWIFT_ASSET_SYMBOL_EXTENSIONS = YES;
				CLANG_ANALYZER_NONNULL = YES;
				CLANG_ANALYZER_NUMBER_OBJECT_CONVERSION = YES_AGGRESSIVE;
				CLANG_CXX_LANGUAGE_STANDARD = "gnu++20";
				CLANG_ENABLE_MODULES = YES;
				CLANG_ENABLE_OBJC_ARC = YES;
				CLANG_ENABLE_OBJC_WEAK = YES;
				CLANG_WARN_BLOCK_CAPTURE_AUTORELEASING = YES;
				CLANG_WARN_BOOL_CONVERSION = YES;
				CLANG_WARN_COMMA = YES;
				CLANG_WARN_CONSTANT_CONVERSION = YES;
				CLANG_WARN_DEPRECATED_OBJC_IMPLEMENTATIONS = YES;
				CLANG_WARN_DIRECT_OBJC_ISA_USAGE = YES_ERROR;
				CLANG_WARN_DOCUMENTATION_COMMENTS = YES;
				CLANG_WARN_EMPTY_BODY = YES;
				CLANG_WARN_ENUM_CONVERSION = YES;
				CLANG_WARN_INFINITE_RECURSION = YES;
				CLANG_WARN_INT_CONVERSION = YES;
				CLANG_WARN_NON_LITERAL_NULL_CONVERSION = YES;
				CLANG_WARN_OBJC_IMPLICIT_RETAIN_SELF = YES;
				CLANG_WARN_OBJC_LITERAL_CONVERSION = YES;
				CLANG_WARN_OBJC_ROOT_CLASS = YES_ERROR;
				CLANG_WARN_QUOTED_INCLUDE_IN_FRAMEWORK_HEADER = YES;
				CLANG_WARN_RANGE_LOOP_ANALYSIS = YES;
				CLANG_WARN_STRICT_PROTOTYPES = YES;
				CLANG_WARN_SUSPICIOUS_MOVE = YES;
				CLANG_WARN_UNGUARDED_AVAILABILITY = YES_AGGRESSIVE;
				CLANG_WARN_UNREACHABLE_CODE = YES;
				CLANG_WARN__DUPLICATE_METHOD_MATCH = YES;
				COPY_PHASE_STRIP = NO;
				DEBUG_INFORMATION_FORMAT = "dwarf-with-dsym";
				ENABLE_NS_ASSERTIONS = NO;
				ENABLE_STRICT_OBJC_MSGSEND = YES;
				ENABLE_USER_SCRIPT_SANDBOXING = YES;
				GCC_C_LANGUAGE_STANDARD = gnu17;
				GCC_NO_COMMON_BLOCKS = YES;
				GCC_WARN_64_TO_32_BIT_CONVERSION = YES;
				GCC_WARN_ABOUT_RETURN_TYPE = YES_ERROR;
				GCC_WARN_UNDECLARED_SELECTOR = YES;
				GCC_WARN_UNINITIALIZED_AUTOS = YES_AGGRESSIVE;
				GCC_WARN_UNUSED_FUNCTION = YES;
				GCC_WARN_UNUSED_VARIABLE = YES;
				IPHONEOS_DEPLOYMENT_TARGET = 18.2;
				LOCALIZATION_PREFERS_STRING_CATALOGS = YES;
				MTL_ENABLE_DEBUG_INFO = NO;
				MTL_FAST_MATH = YES;
				SDKROOT = iphoneos;
				SWIFT_COMPILATION_MODE = wholemodule;
				VALIDATE_PRODUCT = YES;
			};
			name = Release;
		};
		D0BC18B72D4809070046E17F /* Debug */ = {
			isa = XCBuildConfiguration;
			buildSettings = {
				ASSETCATALOG_COMPILER_APPICON_NAME = AppIcon;
				ASSETCATALOG_COMPILER_GLOBAL_ACCENT_COLOR_NAME = AccentColor;
				CODE_SIGN_STYLE = Automatic;
				CURRENT_PROJECT_VERSION = 1;
				DEVELOPMENT_ASSET_PATHS = "\"CoinRanking/Preview Content\"";
				DEVELOPMENT_TEAM = 4S8W95348M;
				ENABLE_PREVIEWS = YES;
				GENERATE_INFOPLIST_FILE = YES;
				INFOPLIST_KEY_UIApplicationSceneManifest_Generation = YES;
				INFOPLIST_KEY_UIApplicationSupportsIndirectInputEvents = YES;
				INFOPLIST_KEY_UILaunchScreen_Generation = YES;
				INFOPLIST_KEY_UISupportedInterfaceOrientations_iPad = "UIInterfaceOrientationPortrait UIInterfaceOrientationPortraitUpsideDown UIInterfaceOrientationLandscapeLeft UIInterfaceOrientationLandscapeRight";
				INFOPLIST_KEY_UISupportedInterfaceOrientations_iPhone = "UIInterfaceOrientationPortrait UIInterfaceOrientationLandscapeLeft UIInterfaceOrientationLandscapeRight";
				LD_RUNPATH_SEARCH_PATHS = (
					"$(inherited)",
					"@executable_path/Frameworks",
				);
				MARKETING_VERSION = 1.0;
				PRODUCT_BUNDLE_IDENTIFIER = com.CoinRanking;
				PRODUCT_NAME = "$(TARGET_NAME)";
				SWIFT_EMIT_LOC_STRINGS = YES;
				SWIFT_VERSION = 5.0;
				TARGETED_DEVICE_FAMILY = "1,2";
			};
			name = Debug;
		};
		D0BC18B82D4809070046E17F /* Release */ = {
			isa = XCBuildConfiguration;
			buildSettings = {
				ASSETCATALOG_COMPILER_APPICON_NAME = AppIcon;
				ASSETCATALOG_COMPILER_GLOBAL_ACCENT_COLOR_NAME = AccentColor;
				CODE_SIGN_STYLE = Automatic;
				CURRENT_PROJECT_VERSION = 1;
				DEVELOPMENT_ASSET_PATHS = "\"CoinRanking/Preview Content\"";
				DEVELOPMENT_TEAM = 4S8W95348M;
				ENABLE_PREVIEWS = YES;
				GENERATE_INFOPLIST_FILE = YES;
				INFOPLIST_KEY_UIApplicationSceneManifest_Generation = YES;
				INFOPLIST_KEY_UIApplicationSupportsIndirectInputEvents = YES;
				INFOPLIST_KEY_UILaunchScreen_Generation = YES;
				INFOPLIST_KEY_UISupportedInterfaceOrientations_iPad = "UIInterfaceOrientationPortrait UIInterfaceOrientationPortraitUpsideDown UIInterfaceOrientationLandscapeLeft UIInterfaceOrientationLandscapeRight";
				INFOPLIST_KEY_UISupportedInterfaceOrientations_iPhone = "UIInterfaceOrientationPortrait UIInterfaceOrientationLandscapeLeft UIInterfaceOrientationLandscapeRight";
				LD_RUNPATH_SEARCH_PATHS = (
					"$(inherited)",
					"@executable_path/Frameworks",
				);
				MARKETING_VERSION = 1.0;
				PRODUCT_BUNDLE_IDENTIFIER = com.CoinRanking;
				PRODUCT_NAME = "$(TARGET_NAME)";
				SWIFT_EMIT_LOC_STRINGS = YES;
				SWIFT_VERSION = 5.0;
				TARGETED_DEVICE_FAMILY = "1,2";
			};
			name = Release;
		};
		D0BC18BA2D4809070046E17F /* Debug */ = {
			isa = XCBuildConfiguration;
			buildSettings = {
				BUNDLE_LOADER = "$(TEST_HOST)";
				CODE_SIGN_STYLE = Automatic;
				CURRENT_PROJECT_VERSION = 1;
				DEVELOPMENT_TEAM = 4S8W95348M;
				GENERATE_INFOPLIST_FILE = YES;
				IPHONEOS_DEPLOYMENT_TARGET = 18.2;
				MARKETING_VERSION = 1.0;
				PRODUCT_BUNDLE_IDENTIFIER = com.CoinRankingTests;
				PRODUCT_NAME = "$(TARGET_NAME)";
				SWIFT_EMIT_LOC_STRINGS = NO;
				SWIFT_VERSION = 5.0;
				TARGETED_DEVICE_FAMILY = "1,2";
				TEST_HOST = "$(BUILT_PRODUCTS_DIR)/CoinRanking.app/$(BUNDLE_EXECUTABLE_FOLDER_PATH)/CoinRanking";
			};
			name = Debug;
		};
		D0BC18BB2D4809070046E17F /* Release */ = {
			isa = XCBuildConfiguration;
			buildSettings = {
				BUNDLE_LOADER = "$(TEST_HOST)";
				CODE_SIGN_STYLE = Automatic;
				CURRENT_PROJECT_VERSION = 1;
				DEVELOPMENT_TEAM = 4S8W95348M;
				GENERATE_INFOPLIST_FILE = YES;
				IPHONEOS_DEPLOYMENT_TARGET = 18.2;
				MARKETING_VERSION = 1.0;
				PRODUCT_BUNDLE_IDENTIFIER = com.CoinRankingTests;
				PRODUCT_NAME = "$(TARGET_NAME)";
				SWIFT_EMIT_LOC_STRINGS = NO;
				SWIFT_VERSION = 5.0;
				TARGETED_DEVICE_FAMILY = "1,2";
				TEST_HOST = "$(BUILT_PRODUCTS_DIR)/CoinRanking.app/$(BUNDLE_EXECUTABLE_FOLDER_PATH)/CoinRanking";
			};
			name = Release;
		};
		D0BC18BD2D4809070046E17F /* Debug */ = {
			isa = XCBuildConfiguration;
			buildSettings = {
				CODE_SIGN_STYLE = Automatic;
				CURRENT_PROJECT_VERSION = 1;
				DEVELOPMENT_TEAM = 4S8W95348M;
				GENERATE_INFOPLIST_FILE = YES;
				MARKETING_VERSION = 1.0;
				PRODUCT_BUNDLE_IDENTIFIER = com.CoinRankingUITests;
				PRODUCT_NAME = "$(TARGET_NAME)";
				SWIFT_EMIT_LOC_STRINGS = NO;
				SWIFT_VERSION = 5.0;
				TARGETED_DEVICE_FAMILY = "1,2";
				TEST_TARGET_NAME = CoinRanking;
			};
			name = Debug;
		};
		D0BC18BE2D4809070046E17F /* Release */ = {
			isa = XCBuildConfiguration;
			buildSettings = {
				CODE_SIGN_STYLE = Automatic;
				CURRENT_PROJECT_VERSION = 1;
				DEVELOPMENT_TEAM = 4S8W95348M;
				GENERATE_INFOPLIST_FILE = YES;
				MARKETING_VERSION = 1.0;
				PRODUCT_BUNDLE_IDENTIFIER = com.CoinRankingUITests;
				PRODUCT_NAME = "$(TARGET_NAME)";
				SWIFT_EMIT_LOC_STRINGS = NO;
				SWIFT_VERSION = 5.0;
				TARGETED_DEVICE_FAMILY = "1,2";
				TEST_TARGET_NAME = CoinRanking;
			};
			name = Release;
		};
/* End XCBuildConfiguration section */

/* Begin XCConfigurationList section */
		D0BC188D2D4809050046E17F /* Build configuration list for PBXProject "CoinRanking" */ = {
			isa = XCConfigurationList;
			buildConfigurations = (
				D0BC18B42D4809070046E17F /* Debug */,
				D0BC18B52D4809070046E17F /* Release */,
			);
			defaultConfigurationIsVisible = 0;
			defaultConfigurationName = Release;
		};
		D0BC18B62D4809070046E17F /* Build configuration list for PBXNativeTarget "CoinRanking" */ = {
			isa = XCConfigurationList;
			buildConfigurations = (
				D0BC18B72D4809070046E17F /* Debug */,
				D0BC18B82D4809070046E17F /* Release */,
			);
			defaultConfigurationIsVisible = 0;
			defaultConfigurationName = Release;
		};
		D0BC18B92D4809070046E17F /* Build configuration list for PBXNativeTarget "CoinRankingTests" */ = {
			isa = XCConfigurationList;
			buildConfigurations = (
				D0BC18BA2D4809070046E17F /* Debug */,
				D0BC18BB2D4809070046E17F /* Release */,
			);
			defaultConfigurationIsVisible = 0;
			defaultConfigurationName = Release;
		};
		D0BC18BC2D4809070046E17F /* Build configuration list for PBXNativeTarget "CoinRankingUITests" */ = {
			isa = XCConfigurationList;
			buildConfigurations = (
				D0BC18BD2D4809070046E17F /* Debug */,
				D0BC18BE2D4809070046E17F /* Release */,
			);
			defaultConfigurationIsVisible = 0;
			defaultConfigurationName = Release;
		};
/* End XCConfigurationList section */

/* Begin XCRemoteSwiftPackageReference section */
		D0BC19012D49626F0046E17F /* XCRemoteSwiftPackageReference "Kingfisher" */ = {
			isa = XCRemoteSwiftPackageReference;
			repositoryURL = "https://github.com/onevcat/Kingfisher";
			requirement = {
				kind = upToNextMajorVersion;
				minimumVersion = 8.1.3;
			};
		};
/* End XCRemoteSwiftPackageReference section */

/* Begin XCSwiftPackageProductDependency section */
		D0BC19022D49626F0046E17F /* Kingfisher */ = {
			isa = XCSwiftPackageProductDependency;
			package = D0BC19012D49626F0046E17F /* XCRemoteSwiftPackageReference "Kingfisher" */;
			productName = Kingfisher;
		};
/* End XCSwiftPackageProductDependency section */
	};
	rootObject = D0BC188A2D4809050046E17F /* Project object */;
}
